<?xml version="1.0" encoding="utf-8"?>
<Project ToolsVersion="4.0" xmlns="http://schemas.microsoft.com/developer/msbuild/2003">
  <ItemGroup>
    <Filter Include="Source Files">
      <UniqueIdentifier>{4FC737F1-C7A5-4376-A066-2A32D752A2FF}</UniqueIdentifier>
      <Extensions>cpp;c;cc;cxx;def;odl;idl;hpj;bat;asm;asmx</Extensions>
    </Filter>
    <Filter Include="Header Files">
      <UniqueIdentifier>{93995380-89BD-4b04-88EB-625FBE52EBFB}</UniqueIdentifier>
      <Extensions>h;hh;hpp;hxx;hm;inl;inc;ipp;xsd</Extensions>
    </Filter>
    <Filter Include="Resource Files">
      <UniqueIdentifier>{67DA6AB6-F800-4c08-8B7A-83BB121AAD01}</UniqueIdentifier>
      <Extensions>rc;ico;cur;bmp;dlg;rc2;rct;bin;rgs;gif;jpg;jpeg;jpe;resx;tiff;tif;png;wav;mfcribbon-ms</Extensions>
    </Filter>
  </ItemGroup>
  <ItemGroup>
    <ClInclude Include="stdafx.h">
      <Filter>Header Files</Filter>
    </ClInclude>
    <ClInclude Include="targetver.h">
      <Filter>Header Files</Filter>
    </ClInclude>
    <ClInclude Include="allocatef.h">
      <Filter>Header Files</Filter>
    </ClInclude>
    <ClInclude Include="array_arrange.h">
      <Filter>Header Files</Filter>
    </ClInclude>
    <ClInclude Include="chainidentifier.h">
      <Filter>Header Files</Filter>
    </ClInclude>
    <ClInclude Include="coordinate_calc.h">
      <Filter>Header Files</Filter>
    </ClInclude>
    <ClInclude Include="copyf.h">
      <Filter>Header Files</Filter>
    </ClInclude>
    <ClInclude Include="Csvfilemanager.h">
      <Filter>Header Files</Filter>
    </ClInclude>
    <ClInclude Include="evaluation.h">
      <Filter>Header Files</Filter>
    </ClInclude>
    <ClInclude Include="global.h">
      <Filter>Header Files</Filter>
    </ClInclude>
    <ClInclude Include="initial.h">
      <Filter>Header Files</Filter>
    </ClInclude>
    <ClInclude Include="modificationf.h">
      <Filter>Header Files</Filter>
    </ClInclude>
    <ClInclude Include="printf.h">
      <Filter>Header Files</Filter>
    </ClInclude>
    <ClInclude Include="readf.h">
      <Filter>Header Files</Filter>
    </ClInclude>
    <ClInclude Include="SP_modify.h">
      <Filter>Header Files</Filter>
    </ClInclude>
  </ItemGroup>
  <ItemGroup>
    <ClCompile Include="stdafx.cpp">
      <Filter>Source Files</Filter>
    </ClCompile>
    <ClCompile Include="SP_algorithm_SA.cpp">
      <Filter>Source Files</Filter>
    </ClCompile>
    <ClCompile Include="allocatef.cpp">
      <Filter>Source Files</Filter>
    </ClCompile>
    <ClCompile Include="array_arrange.cpp">
      <Filter>Source Files</Filter>
    </ClCompile>
    <ClCompile Include="chainidentifier.cpp">
      <Filter>Source Files</Filter>
    </ClCompile>
    <ClCompile Include="coordinate_calc.cpp">
      <Filter>Source Files</Filter>
    </ClCompile>
    <ClCompile Include="copyf.cpp">
      <Filter>Source Files</Filter>
    </ClCompile>
    <ClCompile Include="Csvfilemanager.cpp">
      <Filter>Source Files</Filter>
    </ClCompile>
    <ClCompile Include="evaluation.cpp">
      <Filter>Source Files</Filter>
    </ClCompile>
    <ClCompile Include="initial.cpp">
      <Filter>Source Files</Filter>
    </ClCompile>
    <ClCompile Include="modificationf.cpp">
      <Filter>Source Files</Filter>
    </ClCompile>
    <ClCompile Include="printf.cpp">
      <Filter>Source Files</Filter>
    </ClCompile>
    <ClCompile Include="readf.cpp">
      <Filter>Source Files</Filter>
    </ClCompile>
    <ClCompile Include="SP_modify.cpp">
      <Filter>Source Files</Filter>
    </ClCompile>
  </ItemGroup>
</Project>